
Microsoft Visual Studio Solution File, Format Version 12.00
# Visual Studio 15
VisualStudioVersion = 15.0.26124.0
MinimumVisualStudioVersion = 15.0.26124.0
Project("{FAE04EC0-301F-11D3-BF4B-00C04F79EFBC}") = "Domain", "Domain\Domain.csproj", "{681212EA-0092-4CA4-848A-666C38470CEE}"
EndProject
Project("{FAE04EC0-301F-11D3-BF4B-00C04F79EFBC}") = "Application", "Application\Application.csproj", "{8C3123C7-6077-4E25-9765-DFBC7B54F5C1}"
EndProject
Project("{FAE04EC0-301F-11D3-BF4B-00C04F79EFBC}") = "Persistence", "Persistence\Persistence.csproj", "{861B7BAF-08F2-48FF-ACBB-8ED27FF82254}"
EndProject
Project("{FAE04EC0-301F-11D3-BF4B-00C04F79EFBC}") = "API", "API\API.csproj", "{9E3CDA34-BFFA-44D2-8CF1-D87F810BB0FD}"
EndProject
Global
	GlobalSection(SolutionConfigurationPlatforms) = preSolution
		Debug|Any CPU = Debug|Any CPU
		Debug|x64 = Debug|x64
		Debug|x86 = Debug|x86
		Release|Any CPU = Release|Any CPU
		Release|x64 = Release|x64
		Release|x86 = Release|x86
	EndGlobalSection
	GlobalSection(SolutionProperties) = preSolution
		HideSolutionNode = FALSE
	EndGlobalSection
	GlobalSection(ProjectConfigurationPlatforms) = postSolution
		{681212EA-0092-4CA4-848A-666C38470CEE}.Debug|Any CPU.ActiveCfg = Debug|Any CPU
		{681212EA-0092-4CA4-848A-666C38470CEE}.Debug|Any CPU.Build.0 = Debug|Any CPU
		{681212EA-0092-4CA4-848A-666C38470CEE}.Debug|x64.ActiveCfg = Debug|Any CPU
		{681212EA-0092-4CA4-848A-666C38470CEE}.Debug|x64.Build.0 = Debug|Any CPU
		{681212EA-0092-4CA4-848A-666C38470CEE}.Debug|x86.ActiveCfg = Debug|Any CPU
		{681212EA-0092-4CA4-848A-666C38470CEE}.Debug|x86.Build.0 = Debug|Any CPU
		{681212EA-0092-4CA4-848A-666C38470CEE}.Release|Any CPU.ActiveCfg = Release|Any CPU
		{681212EA-0092-4CA4-848A-666C38470CEE}.Release|Any CPU.Build.0 = Release|Any CPU
		{681212EA-0092-4CA4-848A-666C38470CEE}.Release|x64.ActiveCfg = Release|Any CPU
		{681212EA-0092-4CA4-848A-666C38470CEE}.Release|x64.Build.0 = Release|Any CPU
		{681212EA-0092-4CA4-848A-666C38470CEE}.Release|x86.ActiveCfg = Release|Any CPU
		{681212EA-0092-4CA4-848A-666C38470CEE}.Release|x86.Build.0 = Release|Any CPU
		{8C3123C7-6077-4E25-9765-DFBC7B54F5C1}.Debug|Any CPU.ActiveCfg = Debug|Any CPU
		{8C3123C7-6077-4E25-9765-DFBC7B54F5C1}.Debug|Any CPU.Build.0 = Debug|Any CPU
		{8C3123C7-6077-4E25-9765-DFBC7B54F5C1}.Debug|x64.ActiveCfg = Debug|Any CPU
		{8C3123C7-6077-4E25-9765-DFBC7B54F5C1}.Debug|x64.Build.0 = Debug|Any CPU
		{8C3123C7-6077-4E25-9765-DFBC7B54F5C1}.Debug|x86.ActiveCfg = Debug|Any CPU
		{8C3123C7-6077-4E25-9765-DFBC7B54F5C1}.Debug|x86.Build.0 = Debug|Any CPU
		{8C3123C7-6077-4E25-9765-DFBC7B54F5C1}.Release|Any CPU.ActiveCfg = Release|Any CPU
		{8C3123C7-6077-4E25-9765-DFBC7B54F5C1}.Release|Any CPU.Build.0 = Release|Any CPU
		{8C3123C7-6077-4E25-9765-DFBC7B54F5C1}.Release|x64.ActiveCfg = Release|Any CPU
		{8C3123C7-6077-4E25-9765-DFBC7B54F5C1}.Release|x64.Build.0 = Release|Any CPU
		{8C3123C7-6077-4E25-9765-DFBC7B54F5C1}.Release|x86.ActiveCfg = Release|Any CPU
		{8C3123C7-6077-4E25-9765-DFBC7B54F5C1}.Release|x86.Build.0 = Release|Any CPU
		{861B7BAF-08F2-48FF-ACBB-8ED27FF82254}.Debug|Any CPU.ActiveCfg = Debug|Any CPU
		{861B7BAF-08F2-48FF-ACBB-8ED27FF82254}.Debug|Any CPU.Build.0 = Debug|Any CPU
		{861B7BAF-08F2-48FF-ACBB-8ED27FF82254}.Debug|x64.ActiveCfg = Debug|Any CPU
		{861B7BAF-08F2-48FF-ACBB-8ED27FF82254}.Debug|x64.Build.0 = Debug|Any CPU
		{861B7BAF-08F2-48FF-ACBB-8ED27FF82254}.Debug|x86.ActiveCfg = Debug|Any CPU
		{861B7BAF-08F2-48FF-ACBB-8ED27FF82254}.Debug|x86.Build.0 = Debug|Any CPU
		{861B7BAF-08F2-48FF-ACBB-8ED27FF82254}.Release|Any CPU.ActiveCfg = Release|Any CPU
		{861B7BAF-08F2-48FF-ACBB-8ED27FF82254}.Release|Any CPU.Build.0 = Release|Any CPU
		{861B7BAF-08F2-48FF-ACBB-8ED27FF82254}.Release|x64.ActiveCfg = Release|Any CPU
		{861B7BAF-08F2-48FF-ACBB-8ED27FF82254}.Release|x64.Build.0 = Release|Any CPU
		{861B7BAF-08F2-48FF-ACBB-8ED27FF82254}.Release|x86.ActiveCfg = Release|Any CPU
		{861B7BAF-08F2-48FF-ACBB-8ED27FF82254}.Release|x86.Build.0 = Release|Any CPU
		{9E3CDA34-BFFA-44D2-8CF1-D87F810BB0FD}.Debug|Any CPU.ActiveCfg = Debug|Any CPU
		{9E3CDA34-BFFA-44D2-8CF1-D87F810BB0FD}.Debug|Any CPU.Build.0 = Debug|Any CPU
		{9E3CDA34-BFFA-44D2-8CF1-D87F810BB0FD}.Debug|x64.ActiveCfg = Debug|Any CPU
		{9E3CDA34-BFFA-44D2-8CF1-D87F810BB0FD}.Debug|x64.Build.0 = Debug|Any CPU
		{9E3CDA34-BFFA-44D2-8CF1-D87F810BB0FD}.Debug|x86.ActiveCfg = Debug|Any CPU
		{9E3CDA34-BFFA-44D2-8CF1-D87F810BB0FD}.Debug|x86.Build.0 = Debug|Any CPU
		{9E3CDA34-BFFA-44D2-8CF1-D87F810BB0FD}.Release|Any CPU.ActiveCfg = Release|Any CPU
		{9E3CDA34-BFFA-44D2-8CF1-D87F810BB0FD}.Release|Any CPU.Build.0 = Release|Any CPU
		{9E3CDA34-BFFA-44D2-8CF1-D87F810BB0FD}.Release|x64.ActiveCfg = Release|Any CPU
		{9E3CDA34-BFFA-44D2-8CF1-D87F810BB0FD}.Release|x64.Build.0 = Release|Any CPU
		{9E3CDA34-BFFA-44D2-8CF1-D87F810BB0FD}.Release|x86.ActiveCfg = Release|Any CPU
		{9E3CDA34-BFFA-44D2-8CF1-D87F810BB0FD}.Release|x86.Build.0 = Release|Any CPU
	EndGlobalSection
EndGlobal
